
Microsoft Visual Studio Solution File, Format Version 12.00
# Visual Studio Version 17
VisualStudioVersion = 17.1.32228.430
MinimumVisualStudioVersion = 10.0.40219.1
Project("{9A19103F-16F7-4668-BE54-9A1E7A4F7556}") = "AdonetCoreMVC1", "AdonetCoreMVC1\AdonetCoreMVC1.csproj", "{925A03FA-527F-42C8-A72A-0F476882DF50}"
EndProject
Project("{9A19103F-16F7-4668-BE54-9A1E7A4F7556}") = "AdonetCoreMVC2", "AdonetCoreMVC2\AdonetCoreMVC2.csproj", "{29082B2B-F69C-407E-A556-921F1BD9F26E}"
EndProject
Project("{9A19103F-16F7-4668-BE54-9A1E7A4F7556}") = "AdonetCoreMVC3", "AdonetCoreMVC3\AdonetCoreMVC3.csproj", "{3379B268-1756-4621-90EF-B9C90E6B5F5A}"
EndProject
Project("{9A19103F-16F7-4668-BE54-9A1E7A4F7556}") = "AdonetCoreMVC5", "AdonetCoreMVC5\AdonetCoreMVC5.csproj", "{23A152D5-0A22-4430-AFDA-5A06F733526C}"
EndProject
Project("{FAE04EC0-301F-11D3-BF4B-00C04F79EFBC}") = "AdonetCoreMVC6", "AdonetCoreMVC6\AdonetCoreMVC6.csproj", "{7EB7D9C8-B163-4D44-B749-7FB8341CB94C}"
EndProject
Global
	GlobalSection(SolutionConfigurationPlatforms) = preSolution
		Debug|Any CPU = Debug|Any CPU
		Release|Any CPU = Release|Any CPU
	EndGlobalSection
	GlobalSection(ProjectConfigurationPlatforms) = postSolution
		{925A03FA-527F-42C8-A72A-0F476882DF50}.Debug|Any CPU.ActiveCfg = Debug|Any CPU
		{925A03FA-527F-42C8-A72A-0F476882DF50}.Debug|Any CPU.Build.0 = Debug|Any CPU
		{925A03FA-527F-42C8-A72A-0F476882DF50}.Release|Any CPU.ActiveCfg = Release|Any CPU
		{925A03FA-527F-42C8-A72A-0F476882DF50}.Release|Any CPU.Build.0 = Release|Any CPU
		{29082B2B-F69C-407E-A556-921F1BD9F26E}.Debug|Any CPU.ActiveCfg = Debug|Any CPU
		{29082B2B-F69C-407E-A556-921F1BD9F26E}.Debug|Any CPU.Build.0 = Debug|Any CPU
		{29082B2B-F69C-407E-A556-921F1BD9F26E}.Release|Any CPU.ActiveCfg = Release|Any CPU
		{29082B2B-F69C-407E-A556-921F1BD9F26E}.Release|Any CPU.Build.0 = Release|Any CPU
		{3379B268-1756-4621-90EF-B9C90E6B5F5A}.Debug|Any CPU.ActiveCfg = Debug|Any CPU
		{3379B268-1756-4621-90EF-B9C90E6B5F5A}.Debug|Any CPU.Build.0 = Debug|Any CPU
		{3379B268-1756-4621-90EF-B9C90E6B5F5A}.Release|Any CPU.ActiveCfg = Release|Any CPU
		{3379B268-1756-4621-90EF-B9C90E6B5F5A}.Release|Any CPU.Build.0 = Release|Any CPU
		{23A152D5-0A22-4430-AFDA-5A06F733526C}.Debug|Any CPU.ActiveCfg = Debug|Any CPU
		{23A152D5-0A22-4430-AFDA-5A06F733526C}.Debug|Any CPU.Build.0 = Debug|Any CPU
		{23A152D5-0A22-4430-AFDA-5A06F733526C}.Release|Any CPU.ActiveCfg = Release|Any CPU
		{23A152D5-0A22-4430-AFDA-5A06F733526C}.Release|Any CPU.Build.0 = Release|Any CPU
		{7EB7D9C8-B163-4D44-B749-7FB8341CB94C}.Debug|Any CPU.ActiveCfg = Debug|Any CPU
		{7EB7D9C8-B163-4D44-B749-7FB8341CB94C}.Debug|Any CPU.Build.0 = Debug|Any CPU
		{7EB7D9C8-B163-4D44-B749-7FB8341CB94C}.Release|Any CPU.ActiveCfg = Release|Any CPU
		{7EB7D9C8-B163-4D44-B749-7FB8341CB94C}.Release|Any CPU.Build.0 = Release|Any CPU
	EndGlobalSection
	GlobalSection(SolutionProperties) = preSolution
		HideSolutionNode = FALSE
	EndGlobalSection
	GlobalSection(ExtensibilityGlobals) = postSolution
		SolutionGuid = {F3CA5432-0883-4212-A6FC-A600C97A1171}
	EndGlobalSection
EndGlobal
